// !$*UTF8*$!
{
	archiveVersion = 1;
	classes = {
	};
	objectVersion = 56;
	objects = {

/* Begin PBXBuildFile section */
		C30A2D1B2C07F386001829BC /* HealthDataListView.swift in Sources */ = {isa = PBXBuildFile; fileRef = C30A2D1A2C07F386001829BC /* HealthDataListView.swift */; };
		C30A2D1F2C0A8463001829BC /* HealthKitPermissionPrimingView.swift in Sources */ = {isa = PBXBuildFile; fileRef = C30A2D1E2C0A8463001829BC /* HealthKitPermissionPrimingView.swift */; };
		C30A2D222C0A98C2001829BC /* HealthKitManager.swift in Sources */ = {isa = PBXBuildFile; fileRef = C30A2D212C0A98C2001829BC /* HealthKitManager.swift */; };
		C30A2D242C0C329A001829BC /* HealthMetric.swift in Sources */ = {isa = PBXBuildFile; fileRef = C30A2D232C0C329A001829BC /* HealthMetric.swift */; };
		C30A2D262C0E3C25001829BC /* StepBarChart.swift in Sources */ = {isa = PBXBuildFile; fileRef = C30A2D252C0E3C25001829BC /* StepBarChart.swift */; };
		C30A2D2C2C0E4006001829BC /* ChartMath.swift in Sources */ = {isa = PBXBuildFile; fileRef = C30A2D2B2C0E4006001829BC /* ChartMath.swift */; };
		C30A2D2E2C0E4047001829BC /* ChartDataTypes.swift in Sources */ = {isa = PBXBuildFile; fileRef = C30A2D2D2C0E4047001829BC /* ChartDataTypes.swift */; };
		C30A2D312C0E40C2001829BC /* Date+Ext.swift in Sources */ = {isa = PBXBuildFile; fileRef = C30A2D302C0E40C2001829BC /* Date+Ext.swift */; };
		C30A2D342C0E44FD001829BC /* Algorithms in Frameworks */ = {isa = PBXBuildFile; productRef = C30A2D332C0E44FD001829BC /* Algorithms */; };
		C30A2D362C0E48F3001829BC /* StepPieChart.swift in Sources */ = {isa = PBXBuildFile; fileRef = C30A2D352C0E48F3001829BC /* StepPieChart.swift */; };
		C30A2D382C0FF7BB001829BC /* WeightLineChart.swift in Sources */ = {isa = PBXBuildFile; fileRef = C30A2D372C0FF7BB001829BC /* WeightLineChart.swift */; };
		C30A2D3B2C0FF902001829BC /* MockData.swift in Sources */ = {isa = PBXBuildFile; fileRef = C30A2D3A2C0FF902001829BC /* MockData.swift */; };
		C30A2D3D2C10295A001829BC /* WeightDiffBarChart.swift in Sources */ = {isa = PBXBuildFile; fileRef = C30A2D3C2C10295A001829BC /* WeightDiffBarChart.swift */; };
		C32C7A472BFD516F00CDC5C7 /* Step_TrackerApp.swift in Sources */ = {isa = PBXBuildFile; fileRef = C32C7A462BFD516F00CDC5C7 /* Step_TrackerApp.swift */; };
		C32C7A492BFD516F00CDC5C7 /* DashboardView.swift in Sources */ = {isa = PBXBuildFile; fileRef = C32C7A482BFD516F00CDC5C7 /* DashboardView.swift */; };
		C32C7A4B2BFD517100CDC5C7 /* Assets.xcassets in Resources */ = {isa = PBXBuildFile; fileRef = C32C7A4A2BFD517100CDC5C7 /* Assets.xcassets */; };
		C32C7A4E2BFD517100CDC5C7 /* Preview Assets.xcassets in Resources */ = {isa = PBXBuildFile; fileRef = C32C7A4D2BFD517100CDC5C7 /* Preview Assets.xcassets */; };
/* End PBXBuildFile section */

/* Begin PBXFileReference section */
		C30A2D1A2C07F386001829BC /* HealthDataListView.swift */ = {isa = PBXFileReference; lastKnownFileType = sourcecode.swift; path = HealthDataListView.swift; sourceTree = "<group>"; };
		C30A2D1E2C0A8463001829BC /* HealthKitPermissionPrimingView.swift */ = {isa = PBXFileReference; lastKnownFileType = sourcecode.swift; path = HealthKitPermissionPrimingView.swift; sourceTree = "<group>"; };
		C30A2D202C0A9756001829BC /* Step Tracker.entitlements */ = {isa = PBXFileReference; lastKnownFileType = text.plist.entitlements; path = "Step Tracker.entitlements"; sourceTree = "<group>"; };
		C30A2D212C0A98C2001829BC /* HealthKitManager.swift */ = {isa = PBXFileReference; lastKnownFileType = sourcecode.swift; path = HealthKitManager.swift; sourceTree = "<group>"; };
		C30A2D232C0C329A001829BC /* HealthMetric.swift */ = {isa = PBXFileReference; lastKnownFileType = sourcecode.swift; path = HealthMetric.swift; sourceTree = "<group>"; };
		C30A2D252C0E3C25001829BC /* StepBarChart.swift */ = {isa = PBXFileReference; lastKnownFileType = sourcecode.swift; path = StepBarChart.swift; sourceTree = "<group>"; };
		C30A2D2B2C0E4006001829BC /* ChartMath.swift */ = {isa = PBXFileReference; lastKnownFileType = sourcecode.swift; path = ChartMath.swift; sourceTree = "<group>"; };
		C30A2D2D2C0E4047001829BC /* ChartDataTypes.swift */ = {isa = PBXFileReference; lastKnownFileType = sourcecode.swift; path = ChartDataTypes.swift; sourceTree = "<group>"; };
		C30A2D302C0E40C2001829BC /* Date+Ext.swift */ = {isa = PBXFileReference; lastKnownFileType = sourcecode.swift; path = "Date+Ext.swift"; sourceTree = "<group>"; };
		C30A2D352C0E48F3001829BC /* StepPieChart.swift */ = {isa = PBXFileReference; lastKnownFileType = sourcecode.swift; path = StepPieChart.swift; sourceTree = "<group>"; };
		C30A2D372C0FF7BB001829BC /* WeightLineChart.swift */ = {isa = PBXFileReference; lastKnownFileType = sourcecode.swift; path = WeightLineChart.swift; sourceTree = "<group>"; };
		C30A2D3A2C0FF902001829BC /* MockData.swift */ = {isa = PBXFileReference; lastKnownFileType = sourcecode.swift; path = MockData.swift; sourceTree = "<group>"; };
		C30A2D3C2C10295A001829BC /* WeightDiffBarChart.swift */ = {isa = PBXFileReference; lastKnownFileType = sourcecode.swift; path = WeightDiffBarChart.swift; sourceTree = "<group>"; };
		C32C7A432BFD516F00CDC5C7 /* Step Tracker.app */ = {isa = PBXFileReference; explicitFileType = wrapper.application; includeInIndex = 0; path = "Step Tracker.app"; sourceTree = BUILT_PRODUCTS_DIR; };
		C32C7A462BFD516F00CDC5C7 /* Step_TrackerApp.swift */ = {isa = PBXFileReference; lastKnownFileType = sourcecode.swift; path = Step_TrackerApp.swift; sourceTree = "<group>"; };
		C32C7A482BFD516F00CDC5C7 /* DashboardView.swift */ = {isa = PBXFileReference; lastKnownFileType = sourcecode.swift; path = DashboardView.swift; sourceTree = "<group>"; };
		C32C7A4A2BFD517100CDC5C7 /* Assets.xcassets */ = {isa = PBXFileReference; lastKnownFileType = folder.assetcatalog; path = Assets.xcassets; sourceTree = "<group>"; };
		C32C7A4D2BFD517100CDC5C7 /* Preview Assets.xcassets */ = {isa = PBXFileReference; lastKnownFileType = folder.assetcatalog; path = "Preview Assets.xcassets"; sourceTree = "<group>"; };
/* End PBXFileReference section */

/* Begin PBXFrameworksBuildPhase section */
		C32C7A402BFD516F00CDC5C7 /* Frameworks */ = {
			isa = PBXFrameworksBuildPhase;
			buildActionMask = 2147483647;
			files = (
				C30A2D342C0E44FD001829BC /* Algorithms in Frameworks */,
			);
			runOnlyForDeploymentPostprocessing = 0;
		};
/* End PBXFrameworksBuildPhase section */

/* Begin PBXGroup section */
		C30A2D272C0E3E08001829BC /* Charts */ = {
			isa = PBXGroup;
			children = (
				C30A2D252C0E3C25001829BC /* StepBarChart.swift */,
				C30A2D352C0E48F3001829BC /* StepPieChart.swift */,
				C30A2D372C0FF7BB001829BC /* WeightLineChart.swift */,
				C30A2D3C2C10295A001829BC /* WeightDiffBarChart.swift */,
				C30A2D2B2C0E4006001829BC /* ChartMath.swift */,
				C30A2D2D2C0E4047001829BC /* ChartDataTypes.swift */,
			);
			path = Charts;
			sourceTree = "<group>";
		};
		C30A2D282C0E3E0B001829BC /* Screens */ = {
			isa = PBXGroup;
			children = (
				C30A2D1A2C07F386001829BC /* HealthDataListView.swift */,
				C30A2D1E2C0A8463001829BC /* HealthKitPermissionPrimingView.swift */,
				C32C7A482BFD516F00CDC5C7 /* DashboardView.swift */,
			);
			path = Screens;
			sourceTree = "<group>";
		};
		C30A2D292C0E3E26001829BC /* Model */ = {
			isa = PBXGroup;
			children = (
				C30A2D232C0C329A001829BC /* HealthMetric.swift */,
			);
			path = Model;
			sourceTree = "<group>";
		};
		C30A2D2A2C0E3E29001829BC /* Managers */ = {
			isa = PBXGroup;
			children = (
				C30A2D212C0A98C2001829BC /* HealthKitManager.swift */,
			);
			path = Managers;
			sourceTree = "<group>";
		};
		C30A2D2F2C0E40B7001829BC /* Extensions */ = {
			isa = PBXGroup;
			children = (
				C30A2D302C0E40C2001829BC /* Date+Ext.swift */,
			);
			path = Extensions;
			sourceTree = "<group>";
		};
		C30A2D392C0FF8D8001829BC /* Utilities */ = {
			isa = PBXGroup;
			children = (
				C30A2D2F2C0E40B7001829BC /* Extensions */,
				C30A2D3A2C0FF902001829BC /* MockData.swift */,
			);
			path = Utilities;
			sourceTree = "<group>";
		};
		C32C7A3A2BFD516F00CDC5C7 = {
			isa = PBXGroup;
			children = (
				C32C7A452BFD516F00CDC5C7 /* Step Tracker */,
				C32C7A442BFD516F00CDC5C7 /* Products */,
			);
			sourceTree = "<group>";
		};
		C32C7A442BFD516F00CDC5C7 /* Products */ = {
			isa = PBXGroup;
			children = (
				C32C7A432BFD516F00CDC5C7 /* Step Tracker.app */,
			);
			name = Products;
			sourceTree = "<group>";
		};
		C32C7A452BFD516F00CDC5C7 /* Step Tracker */ = {
			isa = PBXGroup;
			children = (
				C30A2D202C0A9756001829BC /* Step Tracker.entitlements */,
				C32C7A462BFD516F00CDC5C7 /* Step_TrackerApp.swift */,
				C30A2D392C0FF8D8001829BC /* Utilities */,
				C30A2D2A2C0E3E29001829BC /* Managers */,
				C30A2D292C0E3E26001829BC /* Model */,
				C30A2D272C0E3E08001829BC /* Charts */,
				C30A2D282C0E3E0B001829BC /* Screens */,
				C32C7A4A2BFD517100CDC5C7 /* Assets.xcassets */,
				C32C7A4C2BFD517100CDC5C7 /* Preview Content */,
			);
			path = "Step Tracker";
			sourceTree = "<group>";
		};
		C32C7A4C2BFD517100CDC5C7 /* Preview Content */ = {
			isa = PBXGroup;
			children = (
				C32C7A4D2BFD517100CDC5C7 /* Preview Assets.xcassets */,
			);
			path = "Preview Content";
			sourceTree = "<group>";
		};
/* End PBXGroup section */

/* Begin PBXNativeTarget section */
		C32C7A422BFD516F00CDC5C7 /* Step Tracker */ = {
			isa = PBXNativeTarget;
			buildConfigurationList = C32C7A512BFD517100CDC5C7 /* Build configuration list for PBXNativeTarget "Step Tracker" */;
			buildPhases = (
				C32C7A3F2BFD516F00CDC5C7 /* Sources */,
				C32C7A402BFD516F00CDC5C7 /* Frameworks */,
				C32C7A412BFD516F00CDC5C7 /* Resources */,
			);
			buildRules = (
			);
			dependencies = (
			);
			name = "Step Tracker";
			packageProductDependencies = (
				C30A2D332C0E44FD001829BC /* Algorithms */,
			);
			productName = "Step Tracker";
			productReference = C32C7A432BFD516F00CDC5C7 /* Step Tracker.app */;
			productType = "com.apple.product-type.application";
		};
/* End PBXNativeTarget section */

/* Begin PBXProject section */
		C32C7A3B2BFD516F00CDC5C7 /* Project object */ = {
			isa = PBXProject;
			attributes = {
				BuildIndependentTargetsInParallel = 1;
				LastSwiftUpdateCheck = 1510;
				LastUpgradeCheck = 1510;
				TargetAttributes = {
					C32C7A422BFD516F00CDC5C7 = {
						CreatedOnToolsVersion = 15.1;
					};
				};
			};
			buildConfigurationList = C32C7A3E2BFD516F00CDC5C7 /* Build configuration list for PBXProject "Step Tracker" */;
			compatibilityVersion = "Xcode 14.0";
			developmentRegion = en;
			hasScannedForEncodings = 0;
			knownRegions = (
				en,
				Base,
			);
			mainGroup = C32C7A3A2BFD516F00CDC5C7;
			packageReferences = (
				C30A2D322C0E44FD001829BC /* XCRemoteSwiftPackageReference "swift-algorithms" */,
			);
			productRefGroup = C32C7A442BFD516F00CDC5C7 /* Products */;
			projectDirPath = "";
			projectRoot = "";
			targets = (
				C32C7A422BFD516F00CDC5C7 /* Step Tracker */,
			);
		};
/* End PBXProject section */

/* Begin PBXResourcesBuildPhase section */
		C32C7A412BFD516F00CDC5C7 /* Resources */ = {
			isa = PBXResourcesBuildPhase;
			buildActionMask = 2147483647;
			files = (
				C32C7A4E2BFD517100CDC5C7 /* Preview Assets.xcassets in Resources */,
				C32C7A4B2BFD517100CDC5C7 /* Assets.xcassets in Resources */,
			);
			runOnlyForDeploymentPostprocessing = 0;
		};
/* End PBXResourcesBuildPhase section */

/* Begin PBXSourcesBuildPhase section */
		C32C7A3F2BFD516F00CDC5C7 /* Sources */ = {
			isa = PBXSourcesBuildPhase;
			buildActionMask = 2147483647;
			files = (
				C30A2D1B2C07F386001829BC /* HealthDataListView.swift in Sources */,
				C32C7A492BFD516F00CDC5C7 /* DashboardView.swift in Sources */,
				C30A2D3D2C10295A001829BC /* WeightDiffBarChart.swift in Sources */,
				C30A2D262C0E3C25001829BC /* StepBarChart.swift in Sources */,
				C30A2D3B2C0FF902001829BC /* MockData.swift in Sources */,
				C32C7A472BFD516F00CDC5C7 /* Step_TrackerApp.swift in Sources */,
				C30A2D222C0A98C2001829BC /* HealthKitManager.swift in Sources */,
				C30A2D1F2C0A8463001829BC /* HealthKitPermissionPrimingView.swift in Sources */,
				C30A2D2C2C0E4006001829BC /* ChartMath.swift in Sources */,
				C30A2D242C0C329A001829BC /* HealthMetric.swift in Sources */,
				C30A2D2E2C0E4047001829BC /* ChartDataTypes.swift in Sources */,
				C30A2D362C0E48F3001829BC /* StepPieChart.swift in Sources */,
				C30A2D382C0FF7BB001829BC /* WeightLineChart.swift in Sources */,
				C30A2D312C0E40C2001829BC /* Date+Ext.swift in Sources */,
			);
			runOnlyForDeploymentPostprocessing = 0;
		};
/* End PBXSourcesBuildPhase section */

/* Begin XCBuildConfiguration section */
		C32C7A4F2BFD517100CDC5C7 /* Debug */ = {
			isa = XCBuildConfiguration;
			buildSettings = {
				ALWAYS_SEARCH_USER_PATHS = NO;
				ASSETCATALOG_COMPILER_GENERATE_SWIFT_ASSET_SYMBOL_EXTENSIONS = YES;
				CLANG_ANALYZER_NONNULL = YES;
				CLANG_ANALYZER_NUMBER_OBJECT_CONVERSION = YES_AGGRESSIVE;
				CLANG_CXX_LANGUAGE_STANDARD = "gnu++20";
				CLANG_ENABLE_MODULES = YES;
				CLANG_ENABLE_OBJC_ARC = YES;
				CLANG_ENABLE_OBJC_WEAK = YES;
				CLANG_WARN_BLOCK_CAPTURE_AUTORELEASING = YES;
				CLANG_WARN_BOOL_CONVERSION = YES;
				CLANG_WARN_COMMA = YES;
				CLANG_WARN_CONSTANT_CONVERSION = YES;
				CLANG_WARN_DEPRECATED_OBJC_IMPLEMENTATIONS = YES;
				CLANG_WARN_DIRECT_OBJC_ISA_USAGE = YES_ERROR;
				CLANG_WARN_DOCUMENTATION_COMMENTS = YES;
				CLANG_WARN_EMPTY_BODY = YES;
				CLANG_WARN_ENUM_CONVERSION = YES;
				CLANG_WARN_INFINITE_RECURSION = YES;
				CLANG_WARN_INT_CONVERSION = YES;
				CLANG_WARN_NON_LITERAL_NULL_CONVERSION = YES;
				CLANG_WARN_OBJC_IMPLICIT_RETAIN_SELF = YES;
				CLANG_WARN_OBJC_LITERAL_CONVERSION = YES;
				CLANG_WARN_OBJC_ROOT_CLASS = YES_ERROR;
				CLANG_WARN_QUOTED_INCLUDE_IN_FRAMEWORK_HEADER = YES;
				CLANG_WARN_RANGE_LOOP_ANALYSIS = YES;
				CLANG_WARN_STRICT_PROTOTYPES = YES;
				CLANG_WARN_SUSPICIOUS_MOVE = YES;
				CLANG_WARN_UNGUARDED_AVAILABILITY = YES_AGGRESSIVE;
				CLANG_WARN_UNREACHABLE_CODE = YES;
				CLANG_WARN__DUPLICATE_METHOD_MATCH = YES;
				COPY_PHASE_STRIP = NO;
				DEBUG_INFORMATION_FORMAT = dwarf;
				ENABLE_STRICT_OBJC_MSGSEND = YES;
				ENABLE_TESTABILITY = YES;
				ENABLE_USER_SCRIPT_SANDBOXING = YES;
				GCC_C_LANGUAGE_STANDARD = gnu17;
				GCC_DYNAMIC_NO_PIC = NO;
				GCC_NO_COMMON_BLOCKS = YES;
				GCC_OPTIMIZATION_LEVEL = 0;
				GCC_PREPROCESSOR_DEFINITIONS = (
					"DEBUG=1",
					"$(inherited)",
				);
				GCC_WARN_64_TO_32_BIT_CONVERSION = YES;
				GCC_WARN_ABOUT_RETURN_TYPE = YES_ERROR;
				GCC_WARN_UNDECLARED_SELECTOR = YES;
				GCC_WARN_UNINITIALIZED_AUTOS = YES_AGGRESSIVE;
				GCC_WARN_UNUSED_FUNCTION = YES;
				GCC_WARN_UNUSED_VARIABLE = YES;
				IPHONEOS_DEPLOYMENT_TARGET = 17.2;
				LOCALIZATION_PREFERS_STRING_CATALOGS = YES;
				MTL_ENABLE_DEBUG_INFO = INCLUDE_SOURCE;
				MTL_FAST_MATH = YES;
				ONLY_ACTIVE_ARCH = YES;
				SDKROOT = iphoneos;
				SWIFT_ACTIVE_COMPILATION_CONDITIONS = "DEBUG $(inherited)";
				SWIFT_OPTIMIZATION_LEVEL = "-Onone";
			};
			name = Debug;
		};
		C32C7A502BFD517100CDC5C7 /* Release */ = {
			isa = XCBuildConfiguration;
			buildSettings = {
				ALWAYS_SEARCH_USER_PATHS = NO;
				ASSETCATALOG_COMPILER_GENERATE_SWIFT_ASSET_SYMBOL_EXTENSIONS = YES;
				CLANG_ANALYZER_NONNULL = YES;
				CLANG_ANALYZER_NUMBER_OBJECT_CONVERSION = YES_AGGRESSIVE;
				CLANG_CXX_LANGUAGE_STANDARD = "gnu++20";
				CLANG_ENABLE_MODULES = YES;
				CLANG_ENABLE_OBJC_ARC = YES;
				CLANG_ENABLE_OBJC_WEAK = YES;
				CLANG_WARN_BLOCK_CAPTURE_AUTORELEASING = YES;
				CLANG_WARN_BOOL_CONVERSION = YES;
				CLANG_WARN_COMMA = YES;
				CLANG_WARN_CONSTANT_CONVERSION = YES;
				CLANG_WARN_DEPRECATED_OBJC_IMPLEMENTATIONS = YES;
				CLANG_WARN_DIRECT_OBJC_ISA_USAGE = YES_ERROR;
				CLANG_WARN_DOCUMENTATION_COMMENTS = YES;
				CLANG_WARN_EMPTY_BODY = YES;
				CLANG_WARN_ENUM_CONVERSION = YES;
				CLANG_WARN_INFINITE_RECURSION = YES;
				CLANG_WARN_INT_CONVERSION = YES;
				CLANG_WARN_NON_LITERAL_NULL_CONVERSION = YES;
				CLANG_WARN_OBJC_IMPLICIT_RETAIN_SELF = YES;
				CLANG_WARN_OBJC_LITERAL_CONVERSION = YES;
				CLANG_WARN_OBJC_ROOT_CLASS = YES_ERROR;
				CLANG_WARN_QUOTED_INCLUDE_IN_FRAMEWORK_HEADER = YES;
				CLANG_WARN_RANGE_LOOP_ANALYSIS = YES;
				CLANG_WARN_STRICT_PROTOTYPES = YES;
				CLANG_WARN_SUSPICIOUS_MOVE = YES;
				CLANG_WARN_UNGUARDED_AVAILABILITY = YES_AGGRESSIVE;
				CLANG_WARN_UNREACHABLE_CODE = YES;
				CLANG_WARN__DUPLICATE_METHOD_MATCH = YES;
				COPY_PHASE_STRIP = NO;
				DEBUG_INFORMATION_FORMAT = "dwarf-with-dsym";
				ENABLE_NS_ASSERTIONS = NO;
				ENABLE_STRICT_OBJC_MSGSEND = YES;
				ENABLE_USER_SCRIPT_SANDBOXING = YES;
				GCC_C_LANGUAGE_STANDARD = gnu17;
				GCC_NO_COMMON_BLOCKS = YES;
				GCC_WARN_64_TO_32_BIT_CONVERSION = YES;
				GCC_WARN_ABOUT_RETURN_TYPE = YES_ERROR;
				GCC_WARN_UNDECLARED_SELECTOR = YES;
				GCC_WARN_UNINITIALIZED_AUTOS = YES_AGGRESSIVE;
				GCC_WARN_UNUSED_FUNCTION = YES;
				GCC_WARN_UNUSED_VARIABLE = YES;
				IPHONEOS_DEPLOYMENT_TARGET = 17.2;
				LOCALIZATION_PREFERS_STRING_CATALOGS = YES;
				MTL_ENABLE_DEBUG_INFO = NO;
				MTL_FAST_MATH = YES;
				SDKROOT = iphoneos;
				SWIFT_COMPILATION_MODE = wholemodule;
				VALIDATE_PRODUCT = YES;
			};
			name = Release;
		};
		C32C7A522BFD517100CDC5C7 /* Debug */ = {
			isa = XCBuildConfiguration;
			buildSettings = {
				ASSETCATALOG_COMPILER_APPICON_NAME = AppIcon;
				ASSETCATALOG_COMPILER_GLOBAL_ACCENT_COLOR_NAME = AccentColor;
				CODE_SIGN_ENTITLEMENTS = "Step Tracker/Step Tracker.entitlements";
				CODE_SIGN_STYLE = Automatic;
				CURRENT_PROJECT_VERSION = 1;
				DEVELOPMENT_ASSET_PATHS = "\"Step Tracker/Preview Content\"";
				DEVELOPMENT_TEAM = SBTL2BUZ92;
				ENABLE_PREVIEWS = YES;
				GENERATE_INFOPLIST_FILE = YES;
				INFOPLIST_KEY_NSHealthShareUsageDescription = "The app shows your step and weight data in an interactive chart.";
				INFOPLIST_KEY_NSHealthUpdateUsageDescription = "The app allows you to add step and weight data to Apple Health.";
				INFOPLIST_KEY_UIApplicationSceneManifest_Generation = YES;
				INFOPLIST_KEY_UIApplicationSupportsIndirectInputEvents = YES;
				INFOPLIST_KEY_UILaunchScreen_Generation = YES;
				INFOPLIST_KEY_UISupportedInterfaceOrientations_iPad = "UIInterfaceOrientationPortrait UIInterfaceOrientationPortraitUpsideDown UIInterfaceOrientationLandscapeLeft UIInterfaceOrientationLandscapeRight";
				INFOPLIST_KEY_UISupportedInterfaceOrientations_iPhone = "UIInterfaceOrientationPortrait UIInterfaceOrientationLandscapeLeft UIInterfaceOrientationLandscapeRight";
				LD_RUNPATH_SEARCH_PATHS = (
					"$(inherited)",
					"@executable_path/Frameworks",
				);
				MARKETING_VERSION = 1.0;
				PRODUCT_BUNDLE_IDENTIFIER = "com.koo.jeremy.ios.Step-Tracker";
				PRODUCT_NAME = "$(TARGET_NAME)";
				SWIFT_EMIT_LOC_STRINGS = YES;
				SWIFT_VERSION = 5.0;
				TARGETED_DEVICE_FAMILY = "1,2";
			};
			name = Debug;
		};
		C32C7A532BFD517100CDC5C7 /* Release */ = {
			isa = XCBuildConfiguration;
			buildSettings = {
				ASSETCATALOG_COMPILER_APPICON_NAME = AppIcon;
				ASSETCATALOG_COMPILER_GLOBAL_ACCENT_COLOR_NAME = AccentColor;
				CODE_SIGN_ENTITLEMENTS = "Step Tracker/Step Tracker.entitlements";
				CODE_SIGN_STYLE = Automatic;
				CURRENT_PROJECT_VERSION = 1;
				DEVELOPMENT_ASSET_PATHS = "\"Step Tracker/Preview Content\"";
				DEVELOPMENT_TEAM = SBTL2BUZ92;
				ENABLE_PREVIEWS = YES;
				GENERATE_INFOPLIST_FILE = YES;
				INFOPLIST_KEY_NSHealthShareUsageDescription = "The app shows your step and weight data in an interactive chart.";
				INFOPLIST_KEY_NSHealthUpdateUsageDescription = "The app allows you to add step and weight data to Apple Health.";
				INFOPLIST_KEY_UIApplicationSceneManifest_Generation = YES;
				INFOPLIST_KEY_UIApplicationSupportsIndirectInputEvents = YES;
				INFOPLIST_KEY_UILaunchScreen_Generation = YES;
				INFOPLIST_KEY_UISupportedInterfaceOrientations_iPad = "UIInterfaceOrientationPortrait UIInterfaceOrientationPortraitUpsideDown UIInterfaceOrientationLandscapeLeft UIInterfaceOrientationLandscapeRight";
				INFOPLIST_KEY_UISupportedInterfaceOrientations_iPhone = "UIInterfaceOrientationPortrait UIInterfaceOrientationLandscapeLeft UIInterfaceOrientationLandscapeRight";
				LD_RUNPATH_SEARCH_PATHS = (
					"$(inherited)",
					"@executable_path/Frameworks",
				);
				MARKETING_VERSION = 1.0;
				PRODUCT_BUNDLE_IDENTIFIER = "com.koo.jeremy.ios.Step-Tracker";
				PRODUCT_NAME = "$(TARGET_NAME)";
				SWIFT_EMIT_LOC_STRINGS = YES;
				SWIFT_VERSION = 5.0;
				TARGETED_DEVICE_FAMILY = "1,2";
			};
			name = Release;
		};
/* End XCBuildConfiguration section */

/* Begin XCConfigurationList section */
		C32C7A3E2BFD516F00CDC5C7 /* Build configuration list for PBXProject "Step Tracker" */ = {
			isa = XCConfigurationList;
			buildConfigurations = (
				C32C7A4F2BFD517100CDC5C7 /* Debug */,
				C32C7A502BFD517100CDC5C7 /* Release */,
			);
			defaultConfigurationIsVisible = 0;
			defaultConfigurationName = Release;
		};
		C32C7A512BFD517100CDC5C7 /* Build configuration list for PBXNativeTarget "Step Tracker" */ = {
			isa = XCConfigurationList;
			buildConfigurations = (
				C32C7A522BFD517100CDC5C7 /* Debug */,
				C32C7A532BFD517100CDC5C7 /* Release */,
			);
			defaultConfigurationIsVisible = 0;
			defaultConfigurationName = Release;
		};
/* End XCConfigurationList section */

/* Begin XCRemoteSwiftPackageReference section */
		C30A2D322C0E44FD001829BC /* XCRemoteSwiftPackageReference "swift-algorithms" */ = {
			isa = XCRemoteSwiftPackageReference;
			repositoryURL = "https://github.com/apple/swift-algorithms.git";
			requirement = {
				kind = upToNextMajorVersion;
				minimumVersion = 1.2.0;
			};
		};
/* End XCRemoteSwiftPackageReference section */

/* Begin XCSwiftPackageProductDependency section */
		C30A2D332C0E44FD001829BC /* Algorithms */ = {
			isa = XCSwiftPackageProductDependency;
			package = C30A2D322C0E44FD001829BC /* XCRemoteSwiftPackageReference "swift-algorithms" */;
			productName = Algorithms;
		};
/* End XCSwiftPackageProductDependency section */
	};
	rootObject = C32C7A3B2BFD516F00CDC5C7 /* Project object */;
}
